
Microsoft Visual Studio Solution File, Format Version 12.00
# Visual Studio Version 17
VisualStudioVersion = 17.2.32630.192
MinimumVisualStudioVersion = 10.0.40219.1
Project("{FAE04EC0-301F-11D3-BF4B-00C04F79EFBC}") = "Ex05_logic", "..\Ex_02\Project1\Ex05_logic.csproj", "{7ADE4D1C-EBED-4CF7-ADD6-85DF1384DC38}"
EndProject
Project("{FAE04EC0-301F-11D3-BF4B-00C04F79EFBC}") = "Ex05_ui", "main\Ex05_ui.csproj", "{5FD5AEE3-6F98-4795-9455-3644DC962C69}"
EndProject
Global
	GlobalSection(SolutionConfigurationPlatforms) = preSolution
		Debug|Any CPU = Debug|Any CPU
		Release|Any CPU = Release|Any CPU
	EndGlobalSection
	GlobalSection(ProjectConfigurationPlatforms) = postSolution
		{7ADE4D1C-EBED-4CF7-ADD6-85DF1384DC38}.Debug|Any CPU.ActiveCfg = Debug|Any CPU
		{7ADE4D1C-EBED-4CF7-ADD6-85DF1384DC38}.Debug|Any CPU.Build.0 = Debug|Any CPU
		{7ADE4D1C-EBED-4CF7-ADD6-85DF1384DC38}.Release|Any CPU.ActiveCfg = Release|Any CPU
		{7ADE4D1C-EBED-4CF7-ADD6-85DF1384DC38}.Release|Any CPU.Build.0 = Release|Any CPU
		{5FD5AEE3-6F98-4795-9455-3644DC962C69}.Debug|Any CPU.ActiveCfg = Debug|Any CPU
		{5FD5AEE3-6F98-4795-9455-3644DC962C69}.Debug|Any CPU.Build.0 = Debug|Any CPU
		{5FD5AEE3-6F98-4795-9455-3644DC962C69}.Release|Any CPU.ActiveCfg = Release|Any CPU
		{5FD5AEE3-6F98-4795-9455-3644DC962C69}.Release|Any CPU.Build.0 = Release|Any CPU
	EndGlobalSection
	GlobalSection(SolutionProperties) = preSolution
		HideSolutionNode = FALSE
	EndGlobalSection
	GlobalSection(ExtensibilityGlobals) = postSolution
		SolutionGuid = {AF93F43E-BDB7-4662-AD6D-42560131A5AA}
	EndGlobalSection
EndGlobal
